<?xml version="1.0" encoding="utf-8"?>
<Project ToolsVersion="4.0" xmlns="http://schemas.microsoft.com/developer/msbuild/2003">
  <ItemGroup>
    <ClCompile Include="dummy.cpp" />
  </ItemGroup>
  <ItemGroup>
    <FxCompile Include="FullScreenTriangleVS.hlsl" />
    <FxCompile Include="CopyTexturePS.hlsl" />
    <FxCompile Include="FadeFramePS.hlsl" />
    <FxCompile Include="Effects\BlitterVS.hlsl" />
    <FxCompile Include="Effects\BlitterPS.hlsl" />
    <FxCompile Include="MovingParticlePS.hlsl" />
    <FxCompile Include="CopyTextureBilinear.hlsl" />
    <FxCompile Include="FullScreenTriangleWithTC.hlsl" />
  </ItemGroup>
  <ItemGroup>
    <Text Include="readme.txt" />
  </ItemGroup>
</Project>