
Microsoft Visual Studio Solution File, Format Version 12.00
# Visual Studio 15
VisualStudioVersion = 15.0.28307.136
MinimumVisualStudioVersion = 10.0.40219.1
Project("{8BC9CEB8-8B4A-11D0-8D11-00A0C91BC942}") = "vis_avs", "avs\vis_avs\vis_avs.vcxproj", "{73652E08-183F-40C1-BD4A-01733C9DA502}"
EndProject
Project("{8BC9CEB8-8B4A-11D0-8D11-00A0C91BC942}") = "DxVisualsShaders", "avs_dx\DxVisualsShaders\DxVisualsShaders.vcxproj", "{ECD3BA77-59D4-47DC-B2EF-C343E675C30A}"
EndProject
Project("{8BC9CEB8-8B4A-11D0-8D11-00A0C91BC942}") = "DxVisuals", "avs_dx\DxVisuals\DxVisuals.vcxproj", "{32301408-2A47-4539-9B8E-6378B7FF4169}"
	ProjectSection(ProjectDependencies) = postProject
		{ECD3BA77-59D4-47DC-B2EF-C343E675C30A} = {ECD3BA77-59D4-47DC-B2EF-C343E675C30A}
	EndProjectSection
EndProject
Project("{2150E333-8FDC-42A3-9474-1A3956D46DE8}") = "avs_dx", "avs_dx", "{6046E26E-5044-4C4C-880C-CD9AC12D9409}"
EndProject
Project("{8BC9CEB8-8B4A-11D0-8D11-00A0C91BC942}") = "CompilerTest", "avs_dx\CompilerTest\CompilerTest.vcxproj", "{57F687AE-D934-4C9F-A153-0583F00A57BA}"
EndProject
Project("{8BC9CEB8-8B4A-11D0-8D11-00A0C91BC942}") = "InteropLib", "avs_dx\InteropLib\InteropLib.vcxproj", "{A90C771B-E993-478A-820A-166757609B62}"
EndProject
Global
	GlobalSection(SolutionConfigurationPlatforms) = preSolution
		Debug|x86 = Debug|x86
		Laser Release|x86 = Laser Release|x86
		NoMMX Release|x86 = NoMMX Release|x86
		Release|x86 = Release|x86
	EndGlobalSection
	GlobalSection(ProjectConfigurationPlatforms) = postSolution
		{73652E08-183F-40C1-BD4A-01733C9DA502}.Debug|x86.ActiveCfg = Debug|Win32
		{73652E08-183F-40C1-BD4A-01733C9DA502}.Debug|x86.Build.0 = Debug|Win32
		{73652E08-183F-40C1-BD4A-01733C9DA502}.Laser Release|x86.ActiveCfg = Release|Win32
		{73652E08-183F-40C1-BD4A-01733C9DA502}.Laser Release|x86.Build.0 = Release|Win32
		{73652E08-183F-40C1-BD4A-01733C9DA502}.NoMMX Release|x86.ActiveCfg = Release|Win32
		{73652E08-183F-40C1-BD4A-01733C9DA502}.NoMMX Release|x86.Build.0 = Release|Win32
		{73652E08-183F-40C1-BD4A-01733C9DA502}.Release|x86.ActiveCfg = Release|Win32
		{73652E08-183F-40C1-BD4A-01733C9DA502}.Release|x86.Build.0 = Release|Win32
		{ECD3BA77-59D4-47DC-B2EF-C343E675C30A}.Debug|x86.ActiveCfg = Debug|Win32
		{ECD3BA77-59D4-47DC-B2EF-C343E675C30A}.Debug|x86.Build.0 = Debug|Win32
		{ECD3BA77-59D4-47DC-B2EF-C343E675C30A}.Laser Release|x86.ActiveCfg = Release|Win32
		{ECD3BA77-59D4-47DC-B2EF-C343E675C30A}.Laser Release|x86.Build.0 = Release|Win32
		{ECD3BA77-59D4-47DC-B2EF-C343E675C30A}.NoMMX Release|x86.ActiveCfg = Release|Win32
		{ECD3BA77-59D4-47DC-B2EF-C343E675C30A}.NoMMX Release|x86.Build.0 = Release|Win32
		{ECD3BA77-59D4-47DC-B2EF-C343E675C30A}.Release|x86.ActiveCfg = Release|Win32
		{ECD3BA77-59D4-47DC-B2EF-C343E675C30A}.Release|x86.Build.0 = Release|Win32
		{32301408-2A47-4539-9B8E-6378B7FF4169}.Debug|x86.ActiveCfg = Debug|Win32
		{32301408-2A47-4539-9B8E-6378B7FF4169}.Debug|x86.Build.0 = Debug|Win32
		{32301408-2A47-4539-9B8E-6378B7FF4169}.Laser Release|x86.ActiveCfg = Release|Win32
		{32301408-2A47-4539-9B8E-6378B7FF4169}.Laser Release|x86.Build.0 = Release|Win32
		{32301408-2A47-4539-9B8E-6378B7FF4169}.NoMMX Release|x86.ActiveCfg = Release|Win32
		{32301408-2A47-4539-9B8E-6378B7FF4169}.NoMMX Release|x86.Build.0 = Release|Win32
		{32301408-2A47-4539-9B8E-6378B7FF4169}.Release|x86.ActiveCfg = Release|Win32
		{32301408-2A47-4539-9B8E-6378B7FF4169}.Release|x86.Build.0 = Release|Win32
		{57F687AE-D934-4C9F-A153-0583F00A57BA}.Debug|x86.ActiveCfg = Debug|Win32
		{57F687AE-D934-4C9F-A153-0583F00A57BA}.Debug|x86.Build.0 = Debug|Win32
		{57F687AE-D934-4C9F-A153-0583F00A57BA}.Laser Release|x86.ActiveCfg = Release|Win32
		{57F687AE-D934-4C9F-A153-0583F00A57BA}.Laser Release|x86.Build.0 = Release|Win32
		{57F687AE-D934-4C9F-A153-0583F00A57BA}.NoMMX Release|x86.ActiveCfg = Release|Win32
		{57F687AE-D934-4C9F-A153-0583F00A57BA}.NoMMX Release|x86.Build.0 = Release|Win32
		{57F687AE-D934-4C9F-A153-0583F00A57BA}.Release|x86.ActiveCfg = Release|Win32
		{57F687AE-D934-4C9F-A153-0583F00A57BA}.Release|x86.Build.0 = Release|Win32
		{A90C771B-E993-478A-820A-166757609B62}.Debug|x86.ActiveCfg = Debug|Win32
		{A90C771B-E993-478A-820A-166757609B62}.Debug|x86.Build.0 = Debug|Win32
		{A90C771B-E993-478A-820A-166757609B62}.Laser Release|x86.ActiveCfg = Release|Win32
		{A90C771B-E993-478A-820A-166757609B62}.Laser Release|x86.Build.0 = Release|Win32
		{A90C771B-E993-478A-820A-166757609B62}.NoMMX Release|x86.ActiveCfg = Release|Win32
		{A90C771B-E993-478A-820A-166757609B62}.NoMMX Release|x86.Build.0 = Release|Win32
		{A90C771B-E993-478A-820A-166757609B62}.Release|x86.ActiveCfg = Release|Win32
		{A90C771B-E993-478A-820A-166757609B62}.Release|x86.Build.0 = Release|Win32
	EndGlobalSection
	GlobalSection(SolutionProperties) = preSolution
		HideSolutionNode = FALSE
	EndGlobalSection
	GlobalSection(NestedProjects) = preSolution
		{ECD3BA77-59D4-47DC-B2EF-C343E675C30A} = {6046E26E-5044-4C4C-880C-CD9AC12D9409}
		{32301408-2A47-4539-9B8E-6378B7FF4169} = {6046E26E-5044-4C4C-880C-CD9AC12D9409}
		{57F687AE-D934-4C9F-A153-0583F00A57BA} = {6046E26E-5044-4C4C-880C-CD9AC12D9409}
		{A90C771B-E993-478A-820A-166757609B62} = {6046E26E-5044-4C4C-880C-CD9AC12D9409}
	EndGlobalSection
	GlobalSection(ExtensibilityGlobals) = postSolution
		SolutionGuid = {DEB3B659-D3AD-442A-86F5-0114B4678EB9}
	EndGlobalSection
EndGlobal
