<?xml version="1.0" encoding="utf-8"?>
<Project ToolsVersion="4.0" xmlns="http://schemas.microsoft.com/developer/msbuild/2003">
  <ItemGroup>
    <Filter Include="Source Files">
      <UniqueIdentifier>{684e206c-0b9e-4d9c-a5bb-ccf560913a85}</UniqueIdentifier>
      <Extensions>cpp;c;cxx;rc;def;r;odl;idl;hpj;bat</Extensions>
    </Filter>
    <Filter Include="Source Files\Renders">
      <UniqueIdentifier>{35e38698-4b38-4bbd-bd17-41419c80f083}</UniqueIdentifier>
    </Filter>
    <Filter Include="Source Files\EvalLib">
      <UniqueIdentifier>{1db4c221-5e19-43e4-820e-cae3dc5147df}</UniqueIdentifier>
    </Filter>
    <Filter Include="Source Files\Render utils">
      <UniqueIdentifier>{db02aecd-76a8-4cf6-ba15-40fccb5bc5c1}</UniqueIdentifier>
    </Filter>
    <Filter Include="Source Files\laser">
      <UniqueIdentifier>{bbd47be8-6b43-44b4-ba1b-4434e72ec787}</UniqueIdentifier>
    </Filter>
    <Filter Include="Source Files\laser\laser renders">
      <UniqueIdentifier>{2b76191c-1482-4794-b103-464205899b1d}</UniqueIdentifier>
    </Filter>
    <Filter Include="Header Files">
      <UniqueIdentifier>{45f1b433-7b81-4da6-876d-3951b5ad7bb4}</UniqueIdentifier>
      <Extensions>h;hpp;hxx;hm;inl</Extensions>
    </Filter>
    <Filter Include="Text files">
      <UniqueIdentifier>{e7c720c3-27ee-4399-aa98-88b535c9e443}</UniqueIdentifier>
    </Filter>
  </ItemGroup>
  <ItemGroup>
    <ClCompile Include="r_avi.cpp">
      <Filter>Source Files\Renders</Filter>
    </ClCompile>
    <ClCompile Include="r_blit.cpp">
      <Filter>Source Files\Renders</Filter>
    </ClCompile>
    <ClCompile Include="r_blur.cpp">
      <Filter>Source Files\Renders</Filter>
    </ClCompile>
    <ClCompile Include="r_bpm.cpp">
      <Filter>Source Files\Renders</Filter>
    </ClCompile>
    <ClCompile Include="r_bright.cpp">
      <Filter>Source Files\Renders</Filter>
    </ClCompile>
    <ClCompile Include="r_bspin.cpp">
      <Filter>Source Files\Renders</Filter>
    </ClCompile>
    <ClCompile Include="r_bump.cpp">
      <Filter>Source Files\Renders</Filter>
    </ClCompile>
    <ClCompile Include="r_chanshift.cpp">
      <Filter>Source Files\Renders</Filter>
    </ClCompile>
    <ClCompile Include="r_clear.cpp">
      <Filter>Source Files\Renders</Filter>
    </ClCompile>
    <ClCompile Include="r_colorfade.cpp">
      <Filter>Source Files\Renders</Filter>
    </ClCompile>
    <ClCompile Include="r_colorreduction.cpp">
      <Filter>Source Files\Renders</Filter>
    </ClCompile>
    <ClCompile Include="r_comment.cpp">
      <Filter>Source Files\Renders</Filter>
    </ClCompile>
    <ClCompile Include="r_contrast.cpp">
      <Filter>Source Files\Renders</Filter>
    </ClCompile>
    <ClCompile Include="r_dcolormod.cpp">
      <Filter>Source Files\Renders</Filter>
    </ClCompile>
    <ClCompile Include="r_ddm.cpp">
      <Filter>Source Files\Renders</Filter>
    </ClCompile>
    <ClCompile Include="r_dmove.cpp">
      <Filter>Source Files\Renders</Filter>
    </ClCompile>
    <ClCompile Include="r_dotfnt.cpp">
      <Filter>Source Files\Renders</Filter>
    </ClCompile>
    <ClCompile Include="r_dotgrid.cpp">
      <Filter>Source Files\Renders</Filter>
    </ClCompile>
    <ClCompile Include="r_dotpln.cpp">
      <Filter>Source Files\Renders</Filter>
    </ClCompile>
    <ClCompile Include="r_fadeout.cpp">
      <Filter>Source Files\Renders</Filter>
    </ClCompile>
    <ClCompile Include="r_fastbright.cpp">
      <Filter>Source Files\Renders</Filter>
    </ClCompile>
    <ClCompile Include="r_grain.cpp">
      <Filter>Source Files\Renders</Filter>
    </ClCompile>
    <ClCompile Include="r_interf.cpp">
      <Filter>Source Files\Renders</Filter>
    </ClCompile>
    <ClCompile Include="r_interleave.cpp">
      <Filter>Source Files\Renders</Filter>
    </ClCompile>
    <ClCompile Include="r_invert.cpp">
      <Filter>Source Files\Renders</Filter>
    </ClCompile>
    <ClCompile Include="r_linemode.cpp">
      <Filter>Source Files\Renders</Filter>
    </ClCompile>
    <ClCompile Include="r_mirror.cpp">
      <Filter>Source Files\Renders</Filter>
    </ClCompile>
    <ClCompile Include="r_mosaic.cpp">
      <Filter>Source Files\Renders</Filter>
    </ClCompile>
    <ClCompile Include="r_multidelay.cpp">
      <Filter>Source Files\Renders</Filter>
    </ClCompile>
    <ClCompile Include="r_multiplier.cpp">
      <Filter>Source Files\Renders</Filter>
    </ClCompile>
    <ClCompile Include="r_nfclr.cpp">
      <Filter>Source Files\Renders</Filter>
    </ClCompile>
    <ClCompile Include="r_onetone.cpp">
      <Filter>Source Files\Renders</Filter>
    </ClCompile>
    <ClCompile Include="r_oscring.cpp">
      <Filter>Source Files\Renders</Filter>
    </ClCompile>
    <ClCompile Include="r_oscstar.cpp">
      <Filter>Source Files\Renders</Filter>
    </ClCompile>
    <ClCompile Include="r_parts.cpp">
      <Filter>Source Files\Renders</Filter>
    </ClCompile>
    <ClCompile Include="r_picture.cpp">
      <Filter>Source Files\Renders</Filter>
    </ClCompile>
    <ClCompile Include="r_rotblit.cpp">
      <Filter>Source Files\Renders</Filter>
    </ClCompile>
    <ClCompile Include="r_rotstar.cpp">
      <Filter>Source Files\Renders</Filter>
    </ClCompile>
    <ClCompile Include="r_scat.cpp">
      <Filter>Source Files\Renders</Filter>
    </ClCompile>
    <ClCompile Include="r_shift.cpp">
      <Filter>Source Files\Renders</Filter>
    </ClCompile>
    <ClCompile Include="r_simple.cpp">
      <Filter>Source Files\Renders</Filter>
    </ClCompile>
    <ClCompile Include="r_sscope.cpp">
      <Filter>Source Files\Renders</Filter>
    </ClCompile>
    <ClCompile Include="r_stack.cpp">
      <Filter>Source Files\Renders</Filter>
    </ClCompile>
    <ClCompile Include="r_stars.cpp">
      <Filter>Source Files\Renders</Filter>
    </ClCompile>
    <ClCompile Include="r_svp.cpp">
      <Filter>Source Files\Renders</Filter>
    </ClCompile>
    <ClCompile Include="r_text.cpp">
      <Filter>Source Files\Renders</Filter>
    </ClCompile>
    <ClCompile Include="r_timescope.cpp">
      <Filter>Source Files\Renders</Filter>
    </ClCompile>
    <ClCompile Include="r_trans.cpp">
      <Filter>Source Files\Renders</Filter>
    </ClCompile>
    <ClCompile Include="r_videodelay.cpp">
      <Filter>Source Files\Renders</Filter>
    </ClCompile>
    <ClCompile Include="r_water.cpp">
      <Filter>Source Files\Renders</Filter>
    </ClCompile>
    <ClCompile Include="r_waterbump.cpp">
      <Filter>Source Files\Renders</Filter>
    </ClCompile>
    <ClCompile Include="avs_eelif.cpp">
      <Filter>Source Files\EvalLib</Filter>
    </ClCompile>
    <ClCompile Include="..\ns-eel\megabuf.c">
      <Filter>Source Files\EvalLib</Filter>
    </ClCompile>
    <ClCompile Include="..\ns-eel\nseel-caltab.c">
      <Filter>Source Files\EvalLib</Filter>
    </ClCompile>
    <ClCompile Include="..\ns-eel\nseel-cfunc.c">
      <Filter>Source Files\EvalLib</Filter>
    </ClCompile>
    <ClCompile Include="..\ns-eel\nseel-compiler.c">
      <Filter>Source Files\EvalLib</Filter>
    </ClCompile>
    <ClCompile Include="..\ns-eel\nseel-eval.c">
      <Filter>Source Files\EvalLib</Filter>
    </ClCompile>
    <ClCompile Include="..\ns-eel\nseel-lextab.c">
      <Filter>Source Files\EvalLib</Filter>
    </ClCompile>
    <ClCompile Include="..\ns-eel\nseel-yylex.c">
      <Filter>Source Files\EvalLib</Filter>
    </ClCompile>
    <ClCompile Include="linedraw.cpp">
      <Filter>Source Files\Render utils</Filter>
    </ClCompile>
    <ClCompile Include="matrix.cpp">
      <Filter>Source Files\Render utils</Filter>
    </ClCompile>
    <ClCompile Include="r_list.cpp">
      <Filter>Source Files\Render utils</Filter>
    </ClCompile>
    <ClCompile Include="r_transition.cpp">
      <Filter>Source Files\Render utils</Filter>
    </ClCompile>
    <ClCompile Include="r_unkn.cpp">
      <Filter>Source Files\Render utils</Filter>
    </ClCompile>
    <ClCompile Include="util.cpp">
      <Filter>Source Files\Render utils</Filter>
    </ClCompile>
    <ClCompile Include="laser\rl_beathold.cpp">
      <Filter>Source Files\laser\laser renders</Filter>
    </ClCompile>
    <ClCompile Include="laser\rl_bren.cpp">
      <Filter>Source Files\laser\laser renders</Filter>
    </ClCompile>
    <ClCompile Include="laser\rl_cones.cpp">
      <Filter>Source Files\laser\laser renders</Filter>
    </ClCompile>
    <ClCompile Include="laser\rl_line.cpp">
      <Filter>Source Files\laser\laser renders</Filter>
    </ClCompile>
    <ClCompile Include="laser\rl_trans.cpp">
      <Filter>Source Files\laser\laser renders</Filter>
    </ClCompile>
    <ClCompile Include="laser\laser.cpp">
      <Filter>Source Files\laser</Filter>
    </ClCompile>
    <ClCompile Include="laser\laserline.cpp">
      <Filter>Source Files\laser</Filter>
    </ClCompile>
    <ClCompile Include="laser\ld32.c">
      <Filter>Source Files\laser</Filter>
    </ClCompile>
    <ClCompile Include="laser\linelist.cpp">
      <Filter>Source Files\laser</Filter>
    </ClCompile>
    <ClCompile Include="bpm.cpp">
      <Filter>Source Files</Filter>
    </ClCompile>
    <ClCompile Include="cfgwin.cpp">
      <Filter>Source Files</Filter>
    </ClCompile>
    <ClCompile Include="main.cpp">
      <Filter>Source Files</Filter>
    </ClCompile>
    <ClCompile Include="render.cpp">
      <Filter>Source Files</Filter>
    </ClCompile>
    <ClCompile Include="rlib.cpp">
      <Filter>Source Files</Filter>
    </ClCompile>
    <ClCompile Include="TIMING.C">
      <Filter>Source Files</Filter>
    </ClCompile>
    <ClCompile Include="undo.cpp">
      <Filter>Source Files</Filter>
    </ClCompile>
    <ClCompile Include="wnd.cpp">
      <Filter>Source Files</Filter>
    </ClCompile>
    <ClCompile Include="dllMain.cpp">
      <Filter>Source Files</Filter>
    </ClCompile>
  </ItemGroup>
  <ItemGroup>
    <ClInclude Include="avs_eelif.h">
      <Filter>Source Files\EvalLib</Filter>
    </ClInclude>
    <ClInclude Include="..\ns-eel\ns-eel-addfuncs.h">
      <Filter>Source Files\EvalLib</Filter>
    </ClInclude>
    <ClInclude Include="..\ns-eel\ns-eel-int.h">
      <Filter>Source Files\EvalLib</Filter>
    </ClInclude>
    <ClInclude Include="..\ns-eel\ns-eel.h">
      <Filter>Source Files\EvalLib</Filter>
    </ClInclude>
    <ClInclude Include="r_defs.h">
      <Filter>Source Files\Render utils</Filter>
    </ClInclude>
    <ClInclude Include="r_list.h">
      <Filter>Source Files\Render utils</Filter>
    </ClInclude>
    <ClInclude Include="r_transition.h">
      <Filter>Source Files\Render utils</Filter>
    </ClInclude>
    <ClInclude Include="r_unkn.h">
      <Filter>Source Files\Render utils</Filter>
    </ClInclude>
    <ClInclude Include="laser\laserline.h">
      <Filter>Source Files\laser</Filter>
    </ClInclude>
    <ClInclude Include="laser\Ld32.h">
      <Filter>Source Files\laser</Filter>
    </ClInclude>
    <ClInclude Include="laser\linelist.h">
      <Filter>Source Files\laser</Filter>
    </ClInclude>
    <ClInclude Include="resource.h">
      <Filter>Source Files</Filter>
    </ClInclude>
    <ClInclude Include="TIMING.H">
      <Filter>Source Files</Filter>
    </ClInclude>
    <ClInclude Include="ape.h">
      <Filter>Header Files</Filter>
    </ClInclude>
    <ClInclude Include="bpm.h">
      <Filter>Header Files</Filter>
    </ClInclude>
    <ClInclude Include="cfgwnd.h">
      <Filter>Header Files</Filter>
    </ClInclude>
    <ClInclude Include="draw.h">
      <Filter>Header Files</Filter>
    </ClInclude>
    <ClInclude Include="render.h">
      <Filter>Header Files</Filter>
    </ClInclude>
    <ClInclude Include="rlib.h">
      <Filter>Header Files</Filter>
    </ClInclude>
    <ClInclude Include="undo.h">
      <Filter>Header Files</Filter>
    </ClInclude>
    <ClInclude Include="wnd.h">
      <Filter>Header Files</Filter>
    </ClInclude>
  </ItemGroup>
  <ItemGroup>
    <ResourceCompile Include="res.rc">
      <Filter>Source Files</Filter>
    </ResourceCompile>
  </ItemGroup>
  <ItemGroup>
    <Text Include="vis_avs.txt">
      <Filter>Text files</Filter>
    </Text>
    <Text Include="whatsnew.txt">
      <Filter>Text files</Filter>
    </Text>
  </ItemGroup>
  <ItemGroup>
    <Image Include="avs-hilited.png" />
    <Image Include="avs-normal.png" />
    <Image Include="avs-selected.png" />
  </ItemGroup>
</Project>