<?xml version="1.0" encoding="utf-8"?>
<Project ToolsVersion="4.0" xmlns="http://schemas.microsoft.com/developer/msbuild/2003">
  <ItemGroup>
    <Filter Include="WTL">
      <UniqueIdentifier>{d70860f2-b5e0-4599-99cb-ba1e948bd9a8}</UniqueIdentifier>
    </Filter>
  </ItemGroup>
  <ItemGroup>
    <ClInclude Include="Utils\WTL\atlapp.h">
      <Filter>WTL</Filter>
    </ClInclude>
    <ClInclude Include="Utils\WTL\atlcrack.h">
      <Filter>WTL</Filter>
    </ClInclude>
    <ClInclude Include="Utils\WTL\atlctrls.h">
      <Filter>WTL</Filter>
    </ClInclude>
    <ClInclude Include="Utils\WTL\atlctrlw.h">
      <Filter>WTL</Filter>
    </ClInclude>
    <ClInclude Include="Utils\WTL\atlctrlx.h">
      <Filter>WTL</Filter>
    </ClInclude>
    <ClInclude Include="Utils\WTL\atlddx.h">
      <Filter>WTL</Filter>
    </ClInclude>
    <ClInclude Include="Utils\WTL\atldlgs.h">
      <Filter>WTL</Filter>
    </ClInclude>
    <ClInclude Include="Utils\WTL\atldwm.h">
      <Filter>WTL</Filter>
    </ClInclude>
    <ClInclude Include="Utils\WTL\atlfind.h">
      <Filter>WTL</Filter>
    </ClInclude>
    <ClInclude Include="Utils\WTL\atlframe.h">
      <Filter>WTL</Filter>
    </ClInclude>
    <ClInclude Include="Utils\WTL\atlgdi.h">
      <Filter>WTL</Filter>
    </ClInclude>
    <ClInclude Include="Utils\WTL\atlmisc.h">
      <Filter>WTL</Filter>
    </ClInclude>
    <ClInclude Include="Utils\WTL\atlprint.h">
      <Filter>WTL</Filter>
    </ClInclude>
    <ClInclude Include="Utils\WTL\atlres.h">
      <Filter>WTL</Filter>
    </ClInclude>
    <ClInclude Include="Utils\WTL\atlribbon.h">
      <Filter>WTL</Filter>
    </ClInclude>
    <ClInclude Include="Utils\WTL\atlscrl.h">
      <Filter>WTL</Filter>
    </ClInclude>
    <ClInclude Include="Utils\WTL\atlsplit.h">
      <Filter>WTL</Filter>
    </ClInclude>
    <ClInclude Include="Utils\WTL\atltheme.h">
      <Filter>WTL</Filter>
    </ClInclude>
    <ClInclude Include="Utils\WTL\atluser.h">
      <Filter>WTL</Filter>
    </ClInclude>
    <ClInclude Include="Utils\WTL\atlwinx.h">
      <Filter>WTL</Filter>
    </ClInclude>
    <ClInclude Include="stdafx.h" />
    <ClInclude Include="RenderWindow.h" />
    <ClInclude Include="windowProc.h" />
  </ItemGroup>
  <ItemGroup>
    <ClCompile Include="stdafx.cpp" />
    <ClCompile Include="RenderWindow.cpp" />
    <ClCompile Include="ConsoleLogger.cpp" />
    <ClCompile Include="WindowImpl.cpp" />
  </ItemGroup>
  <ItemGroup>
    <None Include="packages.config" />
  </ItemGroup>
</Project>