<?xml version="1.0" encoding="utf-8"?>
<Project ToolsVersion="4.0" xmlns="http://schemas.microsoft.com/developer/msbuild/2003">
  <ItemGroup>
    <ClInclude Include="stdafx.h" />
    <ClInclude Include="targetver.h" />
    <ClInclude Include="Hlsl\Variable.h" />
    <ClInclude Include="Primitives\ColorsTexture.h" />
    <ClInclude Include="Hlsl\Compiler.h" />
    <ClInclude Include="Hlsl\Defines.hpp" />
    <ClInclude Include="Render\FrameGraphBuilder.h" />
    <ClInclude Include="Hlsl\FunctionBuilder.h" />
    <ClInclude Include="Hlsl\ShaderBuilder.h" />
    <ClInclude Include="Render\PassBuilder.h" />
    <ClInclude Include="Utils\logger.h" />
    <ClInclude Include="Utils\DirectXErrors\codes.h" />
    <ClInclude Include="Utils\DirectXErrors\DirectXErrors.h" />
    <ClInclude Include="Utils\DirectXErrors\formatMessage.hpp" />
    <ClInclude Include="Effects\Render\Simple.h" />
    <ClInclude Include="Effects\Render\Starfield.h" />
    <ClInclude Include="Effects\Trans\ColorModifier.h" />
    <ClInclude Include="Effects\Trans\DynamicMovement.h" />
    <ClInclude Include="Effects\shadersCode.h" />
    <ClInclude Include="Render\EffectStateBuilder.h" />
    <ClInclude Include="Render\EffectsResources.h" />
    <ClInclude Include="Render\Binder.h" />
    <ClInclude Include="Render\Renderer.h" />
    <ClInclude Include="Render\Stages.h" />
    <ClInclude Include="Render\EffectsState.h" />
    <ClInclude Include="Utils\MiscUtils.h" />
    <ClInclude Include="Resources\RenderTarget.h" />
    <ClInclude Include="Resources\staticResources.h" />
    <ClInclude Include="Resources\createShaders.hpp" />
    <ClInclude Include="Resources\SourceData.h" />
    <ClInclude Include="Utils\preciseTickCount.h" />
    <ClInclude Include="EffectBase\EffectBase.h" />
    <ClInclude Include="Effects\EffectImpl.hpp" />
    <ClInclude Include="EffectBase\EffectListBase.h" />
    <ClInclude Include="EffectBase\RootEffect.h" />
    <ClInclude Include="EffectBase\EffectList.h" />
    <ClInclude Include="Resources\Targets.h" />
  </ItemGroup>
  <ItemGroup>
    <ClCompile Include="stdafx.cpp" />
    <ClCompile Include="Hlsl\Variable.cpp" />
    <ClCompile Include="Primitives\ColorsTexture.cpp" />
    <ClCompile Include="Hlsl\Compiler.cpp" />
    <ClCompile Include="Render\FrameGraphBuilder.cpp" />
    <ClCompile Include="Hlsl\FunctionBuilder.cpp" />
    <ClCompile Include="Hlsl\ShaderBuilder.cpp" />
    <ClCompile Include="Render\PassBuilder.cpp" />
    <ClCompile Include="Utils\DirectXErrors\DirectXErrors.cpp" />
    <ClCompile Include="Utils\DirectXErrors\formatCString.cpp" />
    <ClCompile Include="Effects\Render\Simple.cpp" />
    <ClCompile Include="Effects\Render\Starfield.cpp" />
    <ClCompile Include="Effects\Trans\ColorModifier.cpp" />
    <ClCompile Include="Effects\Trans\DynamicMovement.cpp" />
    <ClCompile Include="Effects\shadersCode.cpp" />
    <ClCompile Include="Render\EffectStateBuilder.cpp" />
    <ClCompile Include="Render\EffectsResources.cpp" />
    <ClCompile Include="Render\Binder.cpp" />
    <ClCompile Include="Render\Renderer.cpp" />
    <ClCompile Include="Render\EffectsState.cpp" />
    <ClCompile Include="Resources\RenderTarget.cpp" />
    <ClCompile Include="Resources\staticResources.cpp" />
    <ClCompile Include="Resources\SourceData.cpp" />
    <ClCompile Include="Utils\preciseTickCount.cpp" />
    <ClCompile Include="EffectBase\EffectBase.cpp" />
    <ClCompile Include="EffectBase\EffectListBase.cpp" />
    <ClCompile Include="EffectBase\EffectList.cpp" />
    <ClCompile Include="EffectBase\RootEffect.cpp" />
    <ClCompile Include="Resources\Targets.cpp" />
  </ItemGroup>
  <ItemGroup>
    <None Include="Utils\DirectXErrors\includeData.inl" />
    <None Include="Utils\DirectXErrors\data\d2d.inl" />
    <None Include="Utils\DirectXErrors\data\d3d9.inl" />
    <None Include="Utils\DirectXErrors\data\d3d10-11.inl" />
    <None Include="Utils\DirectXErrors\data\ddraw.inl" />
    <None Include="Utils\DirectXErrors\data\dinput.inl" />
    <None Include="Utils\DirectXErrors\data\dsound.inl" />
    <None Include="Utils\DirectXErrors\data\dxut.inl" />
    <None Include="Utils\DirectXErrors\data\mf.inl" />
    <None Include="Utils\DirectXErrors\data\wic.inl" />
    <None Include="Utils\DirectXErrors\data\win32.inl" />
    <None Include="Utils\DirectXErrors\data\xaudio.inl" />
    <None Include="Effects\FrameGlobalData.fx" />
    <None Include="Effects\IncludeShaders.t4" />
    <None Include="packages.config" />
  </ItemGroup>
  <ItemGroup>
    <FxCompile Include="Effects\Render\SimpleSolidPS.hlsl" />
    <FxCompile Include="Effects\Render\SimpleSolidVS.hlsl" />
    <FxCompile Include="Effects\Trans\ColorModifierPS.hlsl" />
    <FxCompile Include="Effects\UpdateStateCS.hlsl" />
  </ItemGroup>
  <ItemGroup>
    <CustomBuild Include="Effects\IncludeShadersCpp.tt" />
    <CustomBuild Include="Effects\IncludeShadersH.tt" />
  </ItemGroup>
</Project>