<?xml version="1.0" encoding="utf-8"?>
<Project ToolsVersion="4.0" xmlns="http://schemas.microsoft.com/developer/msbuild/2003">
  <ItemGroup>
    <ClInclude Include="stdafx.h" />
    <ClInclude Include="targetver.h" />
    <ClInclude Include="Hlsl\Variable.h" />
    <ClInclude Include="Hlsl\FunctionBuilder.h" />
    <ClInclude Include="Utils\logger.h" />
    <ClInclude Include="Utils\DirectXErrors\codes.h" />
    <ClInclude Include="Utils\DirectXErrors\DirectXErrors.h" />
    <ClInclude Include="Utils\DirectXErrors\formatMessage.hpp" />
    <ClInclude Include="Effects\shadersCode.h" />
    <ClInclude Include="Render\Binder.h" />
    <ClInclude Include="Utils\MiscUtils.h" />
    <ClInclude Include="Resources\RenderTarget.h" />
    <ClInclude Include="Resources\staticResources.h" />
    <ClInclude Include="Resources\SourceData.h" />
    <ClInclude Include="Utils\preciseTickCount.h" />
    <ClInclude Include="EffectBase\EffectBase.h" />
    <ClInclude Include="Effects\EffectImpl.hpp" />
    <ClInclude Include="EffectBase\EffectListBase.h" />
    <ClInclude Include="EffectBase\RootEffect.h" />
    <ClInclude Include="EffectBase\EffectList.h" />
    <ClInclude Include="iEffect.h" />
    <ClInclude Include="Resources\EffectsState.h" />
    <ClInclude Include="Render\Stage.h" />
    <ClInclude Include="Hlsl\Defines.h" />
    <ClInclude Include="Effects\Render\Simple\Simple.h" />
    <ClInclude Include="Render\EffectRenderer.hpp" />
    <ClInclude Include="Render\Shader.hpp" />
    <ClInclude Include="Effects\Trans\ColorModifier\ColorModifier.h" />
    <ClInclude Include="Effects\Render\Starfield\Starfield.h" />
    <ClInclude Include="Resources\StructureBuffer.h" />
    <ClInclude Include="Render\StateShaders.h" />
    <ClInclude Include="Hlsl\compile.h" />
    <ClInclude Include="Hlsl\StateShaderTemplate.h" />
    <ClInclude Include="Hlsl\ShaderTemplate.h" />
    <ClInclude Include="Resources\createShader.hpp" />
    <ClInclude Include="Render\EffectStateShader.hpp" />
    <ClInclude Include="Resources\bindResource.h" />
    <ClInclude Include="Effects\Trans\DMove\DynamicMovement.h" />
    <ClInclude Include="Expressions\variableTypes.h" />
    <ClInclude Include="Effects\Render\PointSpritesRender.hpp" />
    <ClInclude Include="Effects\EffectBase1.hpp" />
    <ClInclude Include="Expressions\Compiler.h" />
    <ClInclude Include="Effects\includeDefs.h" />
    <ClInclude Include="Expressions\Prototype.h" />
    <ClInclude Include="Expressions\eVarType.h" />
    <ClInclude Include="Expressions\utils.hpp" />
    <ClInclude Include="Resources\RenderTargets.h" />
    <ClInclude Include="Expressions\parse.h" />
    <ClInclude Include="Utils\decompressor.h" />
    <ClInclude Include="Expressions\includeFunctions.h" />
    <ClInclude Include="Expressions\builtinFunctions.h" />
    <ClInclude Include="Hlsl\ShaderBaseStruct.h" />
    <ClInclude Include="Utils\BoolHr.hpp" />
    <ClInclude Include="Expressions\CompiledShader.h" />
    <ClInclude Include="Resources\GridMesh.h" />
  </ItemGroup>
  <ItemGroup>
    <ClCompile Include="stdafx.cpp" />
    <ClCompile Include="Hlsl\Variable.cpp" />
    <ClCompile Include="Hlsl\FunctionBuilder.cpp" />
    <ClCompile Include="Utils\DirectXErrors\DirectXErrors.cpp" />
    <ClCompile Include="Utils\DirectXErrors\formatCString.cpp" />
    <ClCompile Include="Effects\shadersCode.cpp" />
    <ClCompile Include="Render\Binder.cpp" />
    <ClCompile Include="Resources\RenderTarget.cpp" />
    <ClCompile Include="Resources\staticResources.cpp" />
    <ClCompile Include="Resources\SourceData.cpp" />
    <ClCompile Include="Utils\preciseTickCount.cpp" />
    <ClCompile Include="EffectBase\EffectListBase.cpp" />
    <ClCompile Include="EffectBase\RootEffect.cpp" />
    <ClCompile Include="Utils\SimpleMath.cpp" />
    <ClCompile Include="Resources\EffectsState.cpp" />
    <ClCompile Include="Hlsl\Defines.cpp" />
    <ClCompile Include="Effects\Render\Simple\Simple.cpp" />
    <ClCompile Include="Effects\Trans\ColorModifier\ColorModifier.cpp" />
    <ClCompile Include="Effects\Render\Starfield\Starfield.cpp" />
    <ClCompile Include="Resources\StructureBuffer.cpp" />
    <ClCompile Include="Render\StateShaders.cpp" />
    <ClCompile Include="Hlsl\compile.cpp" />
    <ClCompile Include="Utils\MiscUtils.cpp" />
    <ClCompile Include="Effects\Trans\DMove\DynamicMovement.cpp" />
    <ClCompile Include="EffectBase\EffectListBase.factory.cpp" />
    <ClCompile Include="Expressions\Compiler.cpp" />
    <ClCompile Include="Expressions\Prototype.cpp" />
    <ClCompile Include="Expressions\eVarType.cpp" />
    <ClCompile Include="Resources\RenderTargets.cpp" />
    <ClCompile Include="Expressions\parse.cpp" />
    <ClCompile Include="Utils\decompressor.cpp" />
    <ClCompile Include="Expressions\includeFunctions.cpp" />
    <ClCompile Include="Expressions\builtinFunctions.cpp" />
    <ClCompile Include="Expressions\CompiledShader.cpp" />
    <ClCompile Include="Resources\GridMesh.cpp" />
  </ItemGroup>
  <ItemGroup>
    <None Include="Utils\DirectXErrors\includeData.inl" />
    <None Include="Utils\DirectXErrors\data\d2d.inl" />
    <None Include="Utils\DirectXErrors\data\d3d9.inl" />
    <None Include="Utils\DirectXErrors\data\d3d10-11.inl" />
    <None Include="Utils\DirectXErrors\data\ddraw.inl" />
    <None Include="Utils\DirectXErrors\data\dinput.inl" />
    <None Include="Utils\DirectXErrors\data\dsound.inl" />
    <None Include="Utils\DirectXErrors\data\dxut.inl" />
    <None Include="Utils\DirectXErrors\data\mf.inl" />
    <None Include="Utils\DirectXErrors\data\wic.inl" />
    <None Include="Utils\DirectXErrors\data\win32.inl" />
    <None Include="Utils\DirectXErrors\data\xaudio.inl" />
    <None Include="Effects\FrameGlobalData.fx" />
    <None Include="Effects\IncludeShaders.t4" />
    <None Include="packages.config" />
    <None Include="Render\EffectRenderer.inl" />
    <None Include="Effects\VisCommon.fx" />
    <None Include="Effects\Render\Starfield\Star.fx" />
    <None Include="compress.t4" />
    <None Include="Expressions\includeFunctionsCpp.tt" />
    <None Include="Expressions\includeFunctions.t4" />
    <None Include="CppBuilder.t4" />
  </ItemGroup>
  <ItemGroup>
    <FxCompile Include="Effects\Render\Simple\SimpleDotsVS.hlsl" />
    <FxCompile Include="Effects\Render\Simple\SimpleSolidPS.hlsl" />
    <FxCompile Include="Effects\Render\Simple\SimpleSolidVS.hlsl" />
    <FxCompile Include="Effects\Trans\ColorModifier\ColorModifierPS.hlsl" />
    <FxCompile Include="Effects\Render\Starfield\StarCS.hlsl" />
    <FxCompile Include="Effects\Render\Starfield\StarVS.hlsl" />
    <FxCompile Include="Effects\Render\Simple\SimpleState.hlsl" />
    <FxCompile Include="Effects\Render\Starfield\StarfieldState.hlsl" />
    <FxCompile Include="Effects\Render\PointSpriteGS.hlsl" />
    <FxCompile Include="Effects\Render\Simple\SimpleCS.hlsl" />
    <FxCompile Include="Effects\Render\Starfield\StarInitCS.hlsl" />
    <FxCompile Include="Effects\Trans\DMove\DMovePS.hlsl" />
    <FxCompile Include="Effects\Trans\DMove\DMoveVS.hlsl" />
    <FxCompile Include="Expressions\shaderFunctions.hlsl" />
  </ItemGroup>
  <ItemGroup>
    <CustomBuild Include="Effects\IncludeShadersCpp.tt" />
    <CustomBuild Include="Effects\IncludeShadersH.tt" />
  </ItemGroup>
</Project>